
Microsoft Visual Studio Solution File, Format Version 10.00
# Visual Studio 2008
# SharpDevelop 3.1.1.5052
Project("{FAE04EC0-301F-11D3-BF4B-00C04F79EFBC}") = "PocketNotepad", "PocketNotepad\PocketNotepad.csproj", "{5F53063E-FAF4-423D-844A-D718C8AB12FD}"
EndProject
Project("{B900F1C2-3D47-4FEC-85B3-04AAF18C3634}") = "PocketNotepadInstall", "PocketNotepadInstall\PocketNotepadInstall.vddproj", "{5C32D782-71A8-45CB-A907-92C23526030D}"
EndProject
Global
	GlobalSection(SolutionConfigurationPlatforms) = preSolution
		Debug|Any CPU = Debug|Any CPU
		Release|Any CPU = Release|Any CPU
	EndGlobalSection
	GlobalSection(ProjectConfigurationPlatforms) = postSolution
		{5F53063E-FAF4-423D-844A-D718C8AB12FD}.Debug|Any CPU.ActiveCfg = Debug|Any CPU
		{5F53063E-FAF4-423D-844A-D718C8AB12FD}.Debug|Any CPU.Build.0 = Debug|Any CPU
		{5F53063E-FAF4-423D-844A-D718C8AB12FD}.Debug|Any CPU.Deploy.0 = Debug|Any CPU
		{5F53063E-FAF4-423D-844A-D718C8AB12FD}.Release|Any CPU.ActiveCfg = Release|Any CPU
		{5F53063E-FAF4-423D-844A-D718C8AB12FD}.Release|Any CPU.Build.0 = Release|Any CPU
		{5F53063E-FAF4-423D-844A-D718C8AB12FD}.Release|Any CPU.Deploy.0 = Release|Any CPU
		{5C32D782-71A8-45CB-A907-92C23526030D}.Debug|Any CPU.ActiveCfg = Debug
		{5C32D782-71A8-45CB-A907-92C23526030D}.Release|Any CPU.ActiveCfg = Release
		{5C32D782-71A8-45CB-A907-92C23526030D}.Debug|Any CPU.Build.0 = Debug|Any CPU
		{5C32D782-71A8-45CB-A907-92C23526030D}.Release|Any CPU.Build.0 = Release|Any CPU
	EndGlobalSection
	GlobalSection(SolutionProperties) = preSolution
		HideSolutionNode = FALSE
	EndGlobalSection
EndGlobal
